
Microsoft Visual Studio Solution File, Format Version 12.00
# Visual Studio Version 17
VisualStudioVersion = 17.14.36603.0 d17.14
MinimumVisualStudioVersion = 10.0.40219.1
Project("{54A90642-561A-4BB1-A94E-469ADEE60C69}") = "kash-contact", "Kash-Contact\kash-contact.esproj", "{5BA0796E-C7C5-158E-FDB9-EF240DC2FC9D}"
EndProject
Global
	GlobalSection(SolutionConfigurationPlatforms) = preSolution
		Debug|Any CPU = Debug|Any CPU
		Release|Any CPU = Release|Any CPU
	EndGlobalSection
	GlobalSection(ProjectConfigurationPlatforms) = postSolution
		{5BA0796E-C7C5-158E-FDB9-EF240DC2FC9D}.Debug|Any CPU.ActiveCfg = Debug|Any CPU
		{5BA0796E-C7C5-158E-FDB9-EF240DC2FC9D}.Debug|Any CPU.Build.0 = Debug|Any CPU
		{5BA0796E-C7C5-158E-FDB9-EF240DC2FC9D}.Debug|Any CPU.Deploy.0 = Debug|Any CPU
		{5BA0796E-C7C5-158E-FDB9-EF240DC2FC9D}.Release|Any CPU.ActiveCfg = Release|Any CPU
		{5BA0796E-C7C5-158E-FDB9-EF240DC2FC9D}.Release|Any CPU.Build.0 = Release|Any CPU
		{5BA0796E-C7C5-158E-FDB9-EF240DC2FC9D}.Release|Any CPU.Deploy.0 = Release|Any CPU
	EndGlobalSection
	GlobalSection(SolutionProperties) = preSolution
		HideSolutionNode = FALSE
	EndGlobalSection
	GlobalSection(ExtensibilityGlobals) = postSolution
		SolutionGuid = {69E16A2A-7EFE-405D-BFF0-38CE8A221FC0}
	EndGlobalSection
EndGlobal
